
Microsoft Visual Studio Solution File, Format Version 12.00
# Visual Studio Version 17
VisualStudioVersion = 17.1.32421.90
MinimumVisualStudioVersion = 10.0.40219.1
Project("{F184B08F-C81C-45F6-A57F-5ABD9991F28F}") = "Simulator", "Simulator.vbproj", "{EC9A5204-FD89-40A4-8463-E384C101501E}"
EndProject
Global
	GlobalSection(SolutionConfigurationPlatforms) = preSolution
		Debug|Any CPU = Debug|Any CPU
		Release|Any CPU = Release|Any CPU
	EndGlobalSection
	GlobalSection(ProjectConfigurationPlatforms) = postSolution
		{EC9A5204-FD89-40A4-8463-E384C101501E}.Debug|Any CPU.ActiveCfg = Debug|Any CPU
		{EC9A5204-FD89-40A4-8463-E384C101501E}.Debug|Any CPU.Build.0 = Debug|Any CPU
		{EC9A5204-FD89-40A4-8463-E384C101501E}.Release|Any CPU.ActiveCfg = Release|Any CPU
		{EC9A5204-FD89-40A4-8463-E384C101501E}.Release|Any CPU.Build.0 = Release|Any CPU
	EndGlobalSection
	GlobalSection(SolutionProperties) = preSolution
		HideSolutionNode = FALSE
	EndGlobalSection
	GlobalSection(ExtensibilityGlobals) = postSolution
		SolutionGuid = {81744081-C78C-45C4-8A4E-FD77D3DF77D6}
	EndGlobalSection
EndGlobal
